# This file is automatically @generated by Poetry 1.7.1 and should not be changed by hand.

[[package]]
name = "colorama"
version = "0.4.6"
description = "Cross-platform colored terminal text."
optional = false
python-versions = "!=3.0.*,!=3.1.*,!=3.2.*,!=3.3.*,!=3.4.*,!=3.5.*,!=3.6.*,>=2.7"
files = [
    {file = "colorama-0.4.6-py2.py3-none-any.whl", hash = "sha256:4f1d9991f5acc0ca119f9d443620b77f9d6b33703e51011c16baf57afb285fc6"},
    {file = "colorama-0.4.6.tar.gz", hash = "sha256:08695f5cb7ed6e0531a20572697297273c47b8cae5a63ffc6d6ed5c201be6e44"},
]

[[package]]
name = "dbus-next"
version = "0.2.3"
description = "A zero-dependency DBus library for Python with asyncio support"
optional = false
python-versions = ">=3.6.0"
files = [
    {file = "dbus_next-0.2.3-py3-none-any.whl", hash = "sha256:58948f9aff9db08316734c0be2a120f6dc502124d9642f55e90ac82ffb16a18b"},
    {file = "dbus_next-0.2.3.tar.gz", hash = "sha256:f4eae26909332ada528c0a3549dda8d4f088f9b365153952a408e28023a626a5"},
]

[[package]]
name = "desktop-notifier"
version = "5.0.1"
description = "Python library for cross-platform desktop notifications"
optional = false
python-versions = ">=3.7"
files = [
    {file = "desktop_notifier-5.0.1-py3-none-any.whl", hash = "sha256:eacfd923fd6fd21daede6de6ba3dc86cbaa6511cf3a8b810a589263b692be967"},
    {file = "desktop_notifier-5.0.1.tar.gz", hash = "sha256:8fbe550fd0e765ec79014a04a087824edd4a3f11577a0b0a892e1cb892f5d7ea"},
]

[package.dependencies]
dbus-next = {version = "*", markers = "sys_platform == \"linux\""}
packaging = "*"
rubicon-objc = {version = "*", markers = "sys_platform == \"darwin\""}
"winrt-windows.applicationmodel.core" = {version = "*", markers = "sys_platform == \"win32\""}
"winrt-windows.data.xml.dom" = {version = "*", markers = "sys_platform == \"win32\""}
"winrt-windows.foundation" = {version = "*", markers = "sys_platform == \"win32\""}
"winrt-windows.foundation.collections" = {version = "*", markers = "sys_platform == \"win32\""}
"winrt-windows.foundation.interop" = {version = "*", markers = "sys_platform == \"win32\""}
"winrt-windows.ui.notifications" = {version = "*", markers = "sys_platform == \"win32\""}

[package.extras]
dev = ["black", "bump2version", "flake8", "flake8-pyproject", "mypy", "pytest", "pytest-asyncio", "pytest-cov"]
docs = ["furo (==2024.5.6)", "sphinx (==7.3.7)", "sphinx-autoapi (==3.1.2)", "sphinx-mdinclude (==0.6.1)"]

[[package]]
name = "iniconfig"
version = "2.0.0"
description = "brain-dead simple config-ini parsing"
optional = false
python-versions = ">=3.7"
files = [
    {file = "iniconfig-2.0.0-py3-none-any.whl", hash = "sha256:b6a85871a79d2e3b22d2d1b94ac2824226a63c6b741c88f7ae975f18b6778374"},
    {file = "iniconfig-2.0.0.tar.gz", hash = "sha256:2d91e135bf72d31a410b17c16da610a82cb55f6b0477d1a902134b24a455b8b3"},
]

[[package]]
name = "packaging"
version = "24.1"
description = "Core utilities for Python packages"
optional = false
python-versions = ">=3.8"
files = [
    {file = "packaging-24.1-py3-none-any.whl", hash = "sha256:5b8f2217dbdbd2f7f384c41c628544e6d52f2d0f53c6d0c3ea61aa5d1d7ff124"},
    {file = "packaging-24.1.tar.gz", hash = "sha256:026ed72c8ed3fcce5bf8950572258698927fd1dbda10a5e981cdf0ac37f4f002"},
]

[[package]]
name = "pluggy"
version = "1.5.0"
description = "plugin and hook calling mechanisms for python"
optional = false
python-versions = ">=3.8"
files = [
    {file = "pluggy-1.5.0-py3-none-any.whl", hash = "sha256:44e1ad92c8ca002de6377e165f3e0f1be63266ab4d554740532335b9d75ea669"},
    {file = "pluggy-1.5.0.tar.gz", hash = "sha256:2cffa88e94fdc978c4c574f15f9e59b7f4201d439195c3715ca9e2486f1d0cf1"},
]

[package.extras]
dev = ["pre-commit", "tox"]
testing = ["pytest", "pytest-benchmark"]

[[package]]
name = "pytest"
version = "8.3.2"
description = "pytest: simple powerful testing with Python"
optional = false
python-versions = ">=3.8"
files = [
    {file = "pytest-8.3.2-py3-none-any.whl", hash = "sha256:4ba08f9ae7dcf84ded419494d229b48d0903ea6407b030eaec46df5e6a73bba5"},
    {file = "pytest-8.3.2.tar.gz", hash = "sha256:c132345d12ce551242c87269de812483f5bcc87cdbb4722e48487ba194f9fdce"},
]

[package.dependencies]
colorama = {version = "*", markers = "sys_platform == \"win32\""}
iniconfig = "*"
packaging = "*"
pluggy = ">=1.5,<2"

[package.extras]
dev = ["argcomplete", "attrs (>=19.2)", "hypothesis (>=3.56)", "mock", "pygments (>=2.7.2)", "requests", "setuptools", "xmlschema"]

[[package]]
name = "rubicon-objc"
version = "0.4.9"
description = "A bridge between an Objective C runtime environment and Python."
optional = false
python-versions = ">=3.8"
files = [
    {file = "rubicon_objc-0.4.9-py3-none-any.whl", hash = "sha256:c351b3800cf74c8c23f7d534f008fd5de46c63818de7a44de96daffdb3ed8b8c"},
    {file = "rubicon_objc-0.4.9.tar.gz", hash = "sha256:3d77a5b2d10cb1e49679aa90b7824b46f67b3fd636229aa4a1b902d24aec6a58"},
]

[package.extras]
dev = ["pre-commit (==3.5.0)", "pre-commit (==3.7.0)", "pytest (==8.2.0)", "pytest-tldr (==0.2.5)", "setuptools-scm (==8.0.4)", "tox (==4.15.0)"]
docs = ["furo (==2024.4.27)", "pyenchant (==3.2.2)", "sphinx (==7.1.2)", "sphinx (==7.3.7)", "sphinx-autobuild (==2021.3.14)", "sphinx-autobuild (==2024.4.16)", "sphinx-copybutton (==0.5.2)", "sphinx-tabs (==3.4.5)", "sphinxcontrib-spelling (==8.0.0)"]

[[package]]
name = "ruff"
version = "0.6.2"
description = "An extremely fast Python linter and code formatter, written in Rust."
optional = false
python-versions = ">=3.7"
files = [
    {file = "ruff-0.6.2-py3-none-linux_armv6l.whl", hash = "sha256:5c8cbc6252deb3ea840ad6a20b0f8583caab0c5ef4f9cca21adc5a92b8f79f3c"},
    {file = "ruff-0.6.2-py3-none-macosx_10_12_x86_64.whl", hash = "sha256:17002fe241e76544448a8e1e6118abecbe8cd10cf68fde635dad480dba594570"},
    {file = "ruff-0.6.2-py3-none-macosx_11_0_arm64.whl", hash = "sha256:3dbeac76ed13456f8158b8f4fe087bf87882e645c8e8b606dd17b0b66c2c1158"},
    {file = "ruff-0.6.2-py3-none-manylinux_2_17_aarch64.manylinux2014_aarch64.whl", hash = "sha256:094600ee88cda325988d3f54e3588c46de5c18dae09d683ace278b11f9d4d534"},
    {file = "ruff-0.6.2-py3-none-manylinux_2_17_armv7l.manylinux2014_armv7l.whl", hash = "sha256:316d418fe258c036ba05fbf7dfc1f7d3d4096db63431546163b472285668132b"},
    {file = "ruff-0.6.2-py3-none-manylinux_2_17_i686.manylinux2014_i686.whl", hash = "sha256:d72b8b3abf8a2d51b7b9944a41307d2f442558ccb3859bbd87e6ae9be1694a5d"},
    {file = "ruff-0.6.2-py3-none-manylinux_2_17_ppc64.manylinux2014_ppc64.whl", hash = "sha256:2aed7e243be68487aa8982e91c6e260982d00da3f38955873aecd5a9204b1d66"},
    {file = "ruff-0.6.2-py3-none-manylinux_2_17_ppc64le.manylinux2014_ppc64le.whl", hash = "sha256:d371f7fc9cec83497fe7cf5eaf5b76e22a8efce463de5f775a1826197feb9df8"},
    {file = "ruff-0.6.2-py3-none-manylinux_2_17_s390x.manylinux2014_s390x.whl", hash = "sha256:a8f310d63af08f583363dfb844ba8f9417b558199c58a5999215082036d795a1"},
    {file = "ruff-0.6.2-py3-none-manylinux_2_17_x86_64.manylinux2014_x86_64.whl", hash = "sha256:7db6880c53c56addb8638fe444818183385ec85eeada1d48fc5abe045301b2f1"},
    {file = "ruff-0.6.2-py3-none-musllinux_1_2_aarch64.whl", hash = "sha256:1175d39faadd9a50718f478d23bfc1d4da5743f1ab56af81a2b6caf0a2394f23"},
    {file = "ruff-0.6.2-py3-none-musllinux_1_2_armv7l.whl", hash = "sha256:5b939f9c86d51635fe486585389f54582f0d65b8238e08c327c1534844b3bb9a"},
    {file = "ruff-0.6.2-py3-none-musllinux_1_2_i686.whl", hash = "sha256:d0d62ca91219f906caf9b187dea50d17353f15ec9bb15aae4a606cd697b49b4c"},
    {file = "ruff-0.6.2-py3-none-musllinux_1_2_x86_64.whl", hash = "sha256:7438a7288f9d67ed3c8ce4d059e67f7ed65e9fe3aa2ab6f5b4b3610e57e3cb56"},
    {file = "ruff-0.6.2-py3-none-win32.whl", hash = "sha256:279d5f7d86696df5f9549b56b9b6a7f6c72961b619022b5b7999b15db392a4da"},
    {file = "ruff-0.6.2-py3-none-win_amd64.whl", hash = "sha256:d9f3469c7dd43cd22eb1c3fc16926fb8258d50cb1b216658a07be95dd117b0f2"},
    {file = "ruff-0.6.2-py3-none-win_arm64.whl", hash = "sha256:f28fcd2cd0e02bdf739297516d5643a945cc7caf09bd9bcb4d932540a5ea4fa9"},
    {file = "ruff-0.6.2.tar.gz", hash = "sha256:239ee6beb9e91feb8e0ec384204a763f36cb53fb895a1a364618c6abb076b3be"},
]

[[package]]
name = "watchdog"
version = "4.0.2"
description = "Filesystem events monitoring"
optional = false
python-versions = ">=3.8"
files = [
    {file = "watchdog-4.0.2-cp310-cp310-macosx_10_9_universal2.whl", hash = "sha256:ede7f010f2239b97cc79e6cb3c249e72962404ae3865860855d5cbe708b0fd22"},
    {file = "watchdog-4.0.2-cp310-cp310-macosx_10_9_x86_64.whl", hash = "sha256:a2cffa171445b0efa0726c561eca9a27d00a1f2b83846dbd5a4f639c4f8ca8e1"},
    {file = "watchdog-4.0.2-cp310-cp310-macosx_11_0_arm64.whl", hash = "sha256:c50f148b31b03fbadd6d0b5980e38b558046b127dc483e5e4505fcef250f9503"},
    {file = "watchdog-4.0.2-cp311-cp311-macosx_10_9_universal2.whl", hash = "sha256:7c7d4bf585ad501c5f6c980e7be9c4f15604c7cc150e942d82083b31a7548930"},
    {file = "watchdog-4.0.2-cp311-cp311-macosx_10_9_x86_64.whl", hash = "sha256:914285126ad0b6eb2258bbbcb7b288d9dfd655ae88fa28945be05a7b475a800b"},
    {file = "watchdog-4.0.2-cp311-cp311-macosx_11_0_arm64.whl", hash = "sha256:984306dc4720da5498b16fc037b36ac443816125a3705dfde4fd90652d8028ef"},
    {file = "watchdog-4.0.2-cp312-cp312-macosx_10_9_universal2.whl", hash = "sha256:1cdcfd8142f604630deef34722d695fb455d04ab7cfe9963055df1fc69e6727a"},
    {file = "watchdog-4.0.2-cp312-cp312-macosx_10_9_x86_64.whl", hash = "sha256:d7ab624ff2f663f98cd03c8b7eedc09375a911794dfea6bf2a359fcc266bff29"},
    {file = "watchdog-4.0.2-cp312-cp312-macosx_11_0_arm64.whl", hash = "sha256:132937547a716027bd5714383dfc40dc66c26769f1ce8a72a859d6a48f371f3a"},
    {file = "watchdog-4.0.2-cp313-cp313-macosx_10_13_universal2.whl", hash = "sha256:cd67c7df93eb58f360c43802acc945fa8da70c675b6fa37a241e17ca698ca49b"},
    {file = "watchdog-4.0.2-cp313-cp313-macosx_10_13_x86_64.whl", hash = "sha256:bcfd02377be80ef3b6bc4ce481ef3959640458d6feaae0bd43dd90a43da90a7d"},
    {file = "watchdog-4.0.2-cp313-cp313-macosx_11_0_arm64.whl", hash = "sha256:980b71510f59c884d684b3663d46e7a14b457c9611c481e5cef08f4dd022eed7"},
    {file = "watchdog-4.0.2-cp38-cp38-macosx_10_9_universal2.whl", hash = "sha256:aa160781cafff2719b663c8a506156e9289d111d80f3387cf3af49cedee1f040"},
    {file = "watchdog-4.0.2-cp38-cp38-macosx_10_9_x86_64.whl", hash = "sha256:f6ee8dedd255087bc7fe82adf046f0b75479b989185fb0bdf9a98b612170eac7"},
    {file = "watchdog-4.0.2-cp38-cp38-macosx_11_0_arm64.whl", hash = "sha256:0b4359067d30d5b864e09c8597b112fe0a0a59321a0f331498b013fb097406b4"},
    {file = "watchdog-4.0.2-cp39-cp39-macosx_10_9_universal2.whl", hash = "sha256:770eef5372f146997638d737c9a3c597a3b41037cfbc5c41538fc27c09c3a3f9"},
    {file = "watchdog-4.0.2-cp39-cp39-macosx_10_9_x86_64.whl", hash = "sha256:eeea812f38536a0aa859972d50c76e37f4456474b02bd93674d1947cf1e39578"},
    {file = "watchdog-4.0.2-cp39-cp39-macosx_11_0_arm64.whl", hash = "sha256:b2c45f6e1e57ebb4687690c05bc3a2c1fb6ab260550c4290b8abb1335e0fd08b"},
    {file = "watchdog-4.0.2-pp310-pypy310_pp73-macosx_10_15_x86_64.whl", hash = "sha256:10b6683df70d340ac3279eff0b2766813f00f35a1d37515d2c99959ada8f05fa"},
    {file = "watchdog-4.0.2-pp310-pypy310_pp73-macosx_11_0_arm64.whl", hash = "sha256:f7c739888c20f99824f7aa9d31ac8a97353e22d0c0e54703a547a218f6637eb3"},
    {file = "watchdog-4.0.2-pp38-pypy38_pp73-macosx_10_9_x86_64.whl", hash = "sha256:c100d09ac72a8a08ddbf0629ddfa0b8ee41740f9051429baa8e31bb903ad7508"},
    {file = "watchdog-4.0.2-pp38-pypy38_pp73-macosx_11_0_arm64.whl", hash = "sha256:f5315a8c8dd6dd9425b974515081fc0aadca1d1d61e078d2246509fd756141ee"},
    {file = "watchdog-4.0.2-pp39-pypy39_pp73-macosx_10_15_x86_64.whl", hash = "sha256:2d468028a77b42cc685ed694a7a550a8d1771bb05193ba7b24006b8241a571a1"},
    {file = "watchdog-4.0.2-pp39-pypy39_pp73-macosx_11_0_arm64.whl", hash = "sha256:f15edcae3830ff20e55d1f4e743e92970c847bcddc8b7509bcd172aa04de506e"},
    {file = "watchdog-4.0.2-py3-none-manylinux2014_aarch64.whl", hash = "sha256:936acba76d636f70db8f3c66e76aa6cb5136a936fc2a5088b9ce1c7a3508fc83"},
    {file = "watchdog-4.0.2-py3-none-manylinux2014_armv7l.whl", hash = "sha256:e252f8ca942a870f38cf785aef420285431311652d871409a64e2a0a52a2174c"},
    {file = "watchdog-4.0.2-py3-none-manylinux2014_i686.whl", hash = "sha256:0e83619a2d5d436a7e58a1aea957a3c1ccbf9782c43c0b4fed80580e5e4acd1a"},
    {file = "watchdog-4.0.2-py3-none-manylinux2014_ppc64.whl", hash = "sha256:88456d65f207b39f1981bf772e473799fcdc10801062c36fd5ad9f9d1d463a73"},
    {file = "watchdog-4.0.2-py3-none-manylinux2014_ppc64le.whl", hash = "sha256:32be97f3b75693a93c683787a87a0dc8db98bb84701539954eef991fb35f5fbc"},
    {file = "watchdog-4.0.2-py3-none-manylinux2014_s390x.whl", hash = "sha256:c82253cfc9be68e3e49282831afad2c1f6593af80c0daf1287f6a92657986757"},
    {file = "watchdog-4.0.2-py3-none-manylinux2014_x86_64.whl", hash = "sha256:c0b14488bd336c5b1845cee83d3e631a1f8b4e9c5091ec539406e4a324f882d8"},
    {file = "watchdog-4.0.2-py3-none-win32.whl", hash = "sha256:0d8a7e523ef03757a5aa29f591437d64d0d894635f8a50f370fe37f913ce4e19"},
    {file = "watchdog-4.0.2-py3-none-win_amd64.whl", hash = "sha256:c344453ef3bf875a535b0488e3ad28e341adbd5a9ffb0f7d62cefacc8824ef2b"},
    {file = "watchdog-4.0.2-py3-none-win_ia64.whl", hash = "sha256:baececaa8edff42cd16558a639a9b0ddf425f93d892e8392a56bf904f5eff22c"},
    {file = "watchdog-4.0.2.tar.gz", hash = "sha256:b4dfbb6c49221be4535623ea4474a4d6ee0a9cef4a80b20c28db4d858b64e270"},
]

[package.extras]
watchmedo = ["PyYAML (>=3.10)"]

[[package]]
name = "winrt-runtime"
version = "2.2.0"
description = "Python projection of Windows Runtime (WinRT) APIs"
optional = false
python-versions = "<3.14,>=3.9"
files = [
    {file = "winrt_runtime-2.2.0-cp310-cp310-win32.whl", hash = "sha256:ab034330d6b64ce93683bdc14d4f3f83dfafbf1f72b45893505f7d684e5e7fe1"},
    {file = "winrt_runtime-2.2.0-cp310-cp310-win_amd64.whl", hash = "sha256:ad9927a1838dea47ceb2d773c0269242bcee7cb5379ed801547788ab435da502"},
    {file = "winrt_runtime-2.2.0-cp310-cp310-win_arm64.whl", hash = "sha256:87745ae54d054957a99c70875c1ac3c89cca258ed06836ae308fbbb7dda4ef61"},
    {file = "winrt_runtime-2.2.0-cp311-cp311-win32.whl", hash = "sha256:7ee2397934c1c4a090f9d889292def90b8f673dc1d320f1f07931ad1cb6e49bf"},
    {file = "winrt_runtime-2.2.0-cp311-cp311-win_amd64.whl", hash = "sha256:f110b0f451b514cf09c4fa0e73bab54d4b598c3092df9dd87940403998e81f30"},
    {file = "winrt_runtime-2.2.0-cp311-cp311-win_arm64.whl", hash = "sha256:27606e7a393a26e484f03db699c4d7c206d180a3736a6cd68fba3b3896e364a4"},
    {file = "winrt_runtime-2.2.0-cp312-cp312-win32.whl", hash = "sha256:5a769bfb4e264b7fd306027da90c6e4e615667e9afdd8e5d712bc45bdabaf0d2"},
    {file = "winrt_runtime-2.2.0-cp312-cp312-win_amd64.whl", hash = "sha256:ef30ea7446a1e37660265b76e586fcffc0e83a859b7729141cdf68cbedf808a8"},
    {file = "winrt_runtime-2.2.0-cp312-cp312-win_arm64.whl", hash = "sha256:d8f6338fb8433b4df900c8f173959a5ae9ac63b0b20faddb338e76a6e9391bc9"},
    {file = "winrt_runtime-2.2.0-cp313-cp313-win32.whl", hash = "sha256:6d8c1122158edc96cac956a5ab62bc06a56e088bdf83d0993a455216b3fd1cac"},
    {file = "winrt_runtime-2.2.0-cp313-cp313-win_amd64.whl", hash = "sha256:76b2dc846e6802375113c9ce9e7fcc4292926bd788445f34d404bae72d2b4f4b"},
    {file = "winrt_runtime-2.2.0-cp313-cp313-win_arm64.whl", hash = "sha256:faacc05577573702cb135e7da4d619f4990c768063dc869362f13d856a0738e3"},
    {file = "winrt_runtime-2.2.0-cp39-cp39-win32.whl", hash = "sha256:f00334e3304a43e1742514bed2dc736a9242e831676f605fdfb5d62932714b18"},
    {file = "winrt_runtime-2.2.0-cp39-cp39-win_amd64.whl", hash = "sha256:ef1b2dc31576d686cce088a349b539fc0f47bdf2f66fb8ea63a6964dc069d00d"},
    {file = "winrt_runtime-2.2.0-cp39-cp39-win_arm64.whl", hash = "sha256:1c9e8a609cf00acc426eae2ed4ad866991a0f33f196ec9dc69af95ae43b4373b"},
    {file = "winrt_runtime-2.2.0.tar.gz", hash = "sha256:37a673b295ebd5f6dc5a3b42fd52c8e4589ca3e605deb54c26d0877d2575ec85"},
]

[[package]]
name = "winrt-windows-applicationmodel-core"
version = "2.2.0"
description = "Python projection of Windows Runtime (WinRT) APIs"
optional = false
python-versions = "<3.14,>=3.9"
files = [
    {file = "winrt_Windows.ApplicationModel.Core-2.2.0-cp310-cp310-win32.whl", hash = "sha256:4ae70a1999f7667a68c2aff587dfbc1e7ce5c79f9f005c4b589bcecf56465c4c"},
    {file = "winrt_Windows.ApplicationModel.Core-2.2.0-cp310-cp310-win_amd64.whl", hash = "sha256:4dc1d387ff931ac964fab4d70055084b21bf6fee560c614816e2be1ae9e2b8ef"},
    {file = "winrt_Windows.ApplicationModel.Core-2.2.0-cp310-cp310-win_arm64.whl", hash = "sha256:ee2e60850f707727294abca920c8666fb2e9f680df45da8d8979853ba4039ee9"},
    {file = "winrt_Windows.ApplicationModel.Core-2.2.0-cp311-cp311-win32.whl", hash = "sha256:800fa4922f2bdfcc15c92cbb677894f44ed1af6d6686dee19f55506a5a325b24"},
    {file = "winrt_Windows.ApplicationModel.Core-2.2.0-cp311-cp311-win_amd64.whl", hash = "sha256:9e9e69d02c37413e5c6013fdd2135b8d2e6b2891d6f88287331e2072f7c1d27f"},
    {file = "winrt_Windows.ApplicationModel.Core-2.2.0-cp311-cp311-win_arm64.whl", hash = "sha256:13f5e2e71576ac3216f83cb047f2903fa028b99057d5f69d59721396acf8cca8"},
    {file = "winrt_Windows.ApplicationModel.Core-2.2.0-cp312-cp312-win32.whl", hash = "sha256:d5f5c16769216526a8d4608e32dfaca6fce9b94f5f2184f5a7afe6c4ead25d7e"},
    {file = "winrt_Windows.ApplicationModel.Core-2.2.0-cp312-cp312-win_amd64.whl", hash = "sha256:182f9cd1f2a8d6546a0a3382e0f37814b120c427682d50d05e3946c9b5ed1941"},
    {file = "winrt_Windows.ApplicationModel.Core-2.2.0-cp312-cp312-win_arm64.whl", hash = "sha256:018671d4e42b2764bad9ca0ef1270cebb0eee1473a65944a4dd8a7e44a9286ef"},
    {file = "winrt_Windows.ApplicationModel.Core-2.2.0-cp313-cp313-win32.whl", hash = "sha256:e7971c428484c356376a911f8334ef03f8b3342fb1053519e11c5dfecf3b88da"},
    {file = "winrt_Windows.ApplicationModel.Core-2.2.0-cp313-cp313-win_amd64.whl", hash = "sha256:f07948d84c88431e3f3b97311d67274892380fa3411f2e043adbdde709e43abb"},
    {file = "winrt_Windows.ApplicationModel.Core-2.2.0-cp313-cp313-win_arm64.whl", hash = "sha256:a56b4bb833a2938d9b0d674dbeb7bfbc9b3d10153900e58b772507519c683695"},
    {file = "winrt_Windows.ApplicationModel.Core-2.2.0-cp39-cp39-win32.whl", hash = "sha256:6ede4d8b1528dc4d8a6ef3c90a453f9a72c5433501ed813913cc65a49a68076e"},
    {file = "winrt_Windows.ApplicationModel.Core-2.2.0-cp39-cp39-win_amd64.whl", hash = "sha256:36330942cc6840ce1d2721ad9084be549fd750ef692b95716ec5553a87d5311d"},
    {file = "winrt_Windows.ApplicationModel.Core-2.2.0-cp39-cp39-win_arm64.whl", hash = "sha256:19c4c2558aa31e28e2e2f807cba50efed56fa14f987d1a3a000f9861b1710f51"},
    {file = "winrt_windows_applicationmodel_core-2.2.0.tar.gz", hash = "sha256:e7bd36e425ec846c3a49dd3770e2a67f6f7c1a286afe1a704685b7339b8cf6a8"},
]

[package.dependencies]
winrt-runtime = "2.2.0"

[package.extras]
all = ["winrt-Windows.ApplicationModel.Activation[all] (==2.2.0)", "winrt-Windows.ApplicationModel[all] (==2.2.0)", "winrt-Windows.Foundation.Collections[all] (==2.2.0)", "winrt-Windows.Foundation[all] (==2.2.0)", "winrt-Windows.System[all] (==2.2.0)", "winrt-Windows.UI.Core[all] (==2.2.0)"]

[[package]]
name = "winrt-windows-data-xml-dom"
version = "2.2.0"
description = "Python projection of Windows Runtime (WinRT) APIs"
optional = false
python-versions = "<3.14,>=3.9"
files = [
    {file = "winrt_Windows.Data.Xml.Dom-2.2.0-cp310-cp310-win32.whl", hash = "sha256:421c1a88dcdc9a93815c99db5b4f41565cf4fba02c8279cdaf05f171402a476b"},
    {file = "winrt_Windows.Data.Xml.Dom-2.2.0-cp310-cp310-win_amd64.whl", hash = "sha256:39e3e4a69b231aa40f79dae983f12049b1950ada9282cf2dfad7bdbb01337160"},
    {file = "winrt_Windows.Data.Xml.Dom-2.2.0-cp310-cp310-win_arm64.whl", hash = "sha256:8049d19b5381b0d1b1e43a54f360539757f5504385d4c158a95de86cd3b5cd79"},
    {file = "winrt_Windows.Data.Xml.Dom-2.2.0-cp311-cp311-win32.whl", hash = "sha256:f4c4e9f86f743f30ad4d263cd52116ce3a0a3bf90c12a3bd0b0edb2c1d3e895a"},
    {file = "winrt_Windows.Data.Xml.Dom-2.2.0-cp311-cp311-win_amd64.whl", hash = "sha256:9944ea9c3d92512d8e0952f082c6d1bd98bf9cfe2557ca1790fa3cf0d033a354"},
    {file = "winrt_Windows.Data.Xml.Dom-2.2.0-cp311-cp311-win_arm64.whl", hash = "sha256:3843452932d96d2997ea181aa7910e10d2b111ce5663c11a73886370e292b89f"},
    {file = "winrt_Windows.Data.Xml.Dom-2.2.0-cp312-cp312-win32.whl", hash = "sha256:2876f2d38956e1f8c75286e06315470eda8741a1e4e9373be7f3c604d07db988"},
    {file = "winrt_Windows.Data.Xml.Dom-2.2.0-cp312-cp312-win_amd64.whl", hash = "sha256:aa6bf72439c0f7d66279f75db2362b24926eca9f41acd4b9a80dde9f3d56d9d2"},
    {file = "winrt_Windows.Data.Xml.Dom-2.2.0-cp312-cp312-win_arm64.whl", hash = "sha256:ceab46165e11fecba0bbfba810d714e02872167c3a0920fa91c59af248a418ad"},
    {file = "winrt_Windows.Data.Xml.Dom-2.2.0-cp313-cp313-win32.whl", hash = "sha256:eb3d5f2171bfdeeda318e16d6ae1193ec7a740fcbf03e07c467f445f58ea7c95"},
    {file = "winrt_Windows.Data.Xml.Dom-2.2.0-cp313-cp313-win_amd64.whl", hash = "sha256:7d25ba4f3b50df3169fd93329bb672e739128a6016aed25bab7d0c469aa6f62f"},
    {file = "winrt_Windows.Data.Xml.Dom-2.2.0-cp313-cp313-win_arm64.whl", hash = "sha256:af7a40e159b041db63410def63f442e15ec1a86669344fac19cc70f79959749d"},
    {file = "winrt_Windows.Data.Xml.Dom-2.2.0-cp39-cp39-win32.whl", hash = "sha256:e2d8e68b6a66a3538cb93da2ca93c6b587f2edae2ad70fd5779ed54b83e8d7af"},
    {file = "winrt_Windows.Data.Xml.Dom-2.2.0-cp39-cp39-win_amd64.whl", hash = "sha256:f2bf07e6f7604bc70d2092a3acce03d32af11453b08d481a7f5daabb00645f8f"},
    {file = "winrt_Windows.Data.Xml.Dom-2.2.0-cp39-cp39-win_arm64.whl", hash = "sha256:5dcc34e84b3b38e7fcd9aa703dce83676c5514847601503103baa62c58075c2f"},
    {file = "winrt_windows_data_xml_dom-2.2.0.tar.gz", hash = "sha256:c94eebea880751e29cbb8b6904a09fe783b65f61d5222a6cdc54fd3a1c3295ec"},
]

[package.dependencies]
winrt-runtime = "2.2.0"

[package.extras]
all = ["winrt-Windows.Foundation.Collections[all] (==2.2.0)", "winrt-Windows.Foundation[all] (==2.2.0)", "winrt-Windows.Storage.Streams[all] (==2.2.0)", "winrt-Windows.Storage[all] (==2.2.0)"]

[[package]]
name = "winrt-windows-foundation"
version = "2.2.0"
description = "Python projection of Windows Runtime (WinRT) APIs"
optional = false
python-versions = "<3.14,>=3.9"
files = [
    {file = "winrt_Windows.Foundation-2.2.0-cp310-cp310-win32.whl", hash = "sha256:cb86bbf04f72d983e4ae13db0a48784638b36214bb2c44809f39686ef3314354"},
    {file = "winrt_Windows.Foundation-2.2.0-cp310-cp310-win_amd64.whl", hash = "sha256:2dbd0957216c07db4b91a144a0ffa7c8892cc668b19ca15b78067255445741b2"},
    {file = "winrt_Windows.Foundation-2.2.0-cp310-cp310-win_arm64.whl", hash = "sha256:5345f7d0504aa1a605be5b5fe0d1944b322591f7669c2c86b7c45384924c8c9b"},
    {file = "winrt_Windows.Foundation-2.2.0-cp311-cp311-win32.whl", hash = "sha256:f6711adf8a34e48c94183e792f153de5f3796f8f3c045356544605384bbcb7e1"},
    {file = "winrt_Windows.Foundation-2.2.0-cp311-cp311-win_amd64.whl", hash = "sha256:0a5bfe2647659e7ec288d8552e61e577a931914531ccc9cb958469d85f049d6b"},
    {file = "winrt_Windows.Foundation-2.2.0-cp311-cp311-win_arm64.whl", hash = "sha256:9eabbd1b179fd04f167884fa0feaa17ccd67d89f6eac4099b16c6c0dc22e9f32"},
    {file = "winrt_Windows.Foundation-2.2.0-cp312-cp312-win32.whl", hash = "sha256:0f0319659f00d04d13fc5db45f574479a396147c955628dc2dda056397a0df28"},
    {file = "winrt_Windows.Foundation-2.2.0-cp312-cp312-win_amd64.whl", hash = "sha256:8bc605242d268cd8ccce68c78ec4a967b8e5431c3a969c9e7a01d454696dfb3f"},
    {file = "winrt_Windows.Foundation-2.2.0-cp312-cp312-win_arm64.whl", hash = "sha256:f901b20c3a874a2cf9dcb1e97bbcff329d95fd3859a873be314a5a58073b4690"},
    {file = "winrt_Windows.Foundation-2.2.0-cp313-cp313-win32.whl", hash = "sha256:c5cf43bb1dccf3a302d16572d53f26479d277e02606531782c364056c2323678"},
    {file = "winrt_Windows.Foundation-2.2.0-cp313-cp313-win_amd64.whl", hash = "sha256:10c84276ff182a06da6deb1ba9ad375f9b3fbc15c3684a160e775005d915197a"},
    {file = "winrt_Windows.Foundation-2.2.0-cp313-cp313-win_arm64.whl", hash = "sha256:473cc57664bfd5401ec171c8f55079cdc8a980210f2c82fb2945361ea640bfbf"},
    {file = "winrt_Windows.Foundation-2.2.0-cp39-cp39-win32.whl", hash = "sha256:32578bd31eda714bc5cb5b10f0e778c720a2e45bc9b3c60690faa1615336047d"},
    {file = "winrt_Windows.Foundation-2.2.0-cp39-cp39-win_amd64.whl", hash = "sha256:7bfb62127959f56fdacad6a817176a8b22cf6917a0d5c3e5d25cdad33a90173a"},
    {file = "winrt_Windows.Foundation-2.2.0-cp39-cp39-win_arm64.whl", hash = "sha256:07ea5a2f05cb9fb433371e55f70fbe27f32a6eb07ae28042f01678b4d82d823a"},
    {file = "winrt_windows_foundation-2.2.0.tar.gz", hash = "sha256:9a76291204900cd92008163fbe273ae43c9a925ca4a5a29cdd736e59cd397bf1"},
]

[package.dependencies]
winrt-runtime = "2.2.0"

[package.extras]
all = ["winrt-Windows.Foundation.Collections[all] (==2.2.0)"]

[[package]]
name = "winrt-windows-foundation-collections"
version = "2.2.0"
description = "Python projection of Windows Runtime (WinRT) APIs"
optional = false
python-versions = "<3.14,>=3.9"
files = [
    {file = "winrt_Windows.Foundation.Collections-2.2.0-cp310-cp310-win32.whl", hash = "sha256:92a031fca53910c8bce683391888ba3427db178fc47653310de16fb7e9131e9d"},
    {file = "winrt_Windows.Foundation.Collections-2.2.0-cp310-cp310-win_amd64.whl", hash = "sha256:a71925d738a443cf27522f34ced84730f1b325f69ccdd0145580e6078d4481c5"},
    {file = "winrt_Windows.Foundation.Collections-2.2.0-cp310-cp310-win_arm64.whl", hash = "sha256:74c9419b26b510e6e95182e02dc55a78094b6f2af5002330467d030ae6d0b765"},
    {file = "winrt_Windows.Foundation.Collections-2.2.0-cp311-cp311-win32.whl", hash = "sha256:8a76d79be0af1840b9c5ac1879dcf5aa65b512accd8278ac6424dcbfdb2a6fe1"},
    {file = "winrt_Windows.Foundation.Collections-2.2.0-cp311-cp311-win_amd64.whl", hash = "sha256:b18dcd7bc8cf70758b965397e26da725ac345dd9f16b922b0204e8f21ed4d7e6"},
    {file = "winrt_Windows.Foundation.Collections-2.2.0-cp311-cp311-win_arm64.whl", hash = "sha256:1d6b0b04683e98989dd611940b5fe36c1338f6d91f43c1bdc88f2f2f1956a968"},
    {file = "winrt_Windows.Foundation.Collections-2.2.0-cp312-cp312-win32.whl", hash = "sha256:ade4ea4584ba96e39d2b34f1036d8cb40ff2e9609a090562cfd2b8837dc7f828"},
    {file = "winrt_Windows.Foundation.Collections-2.2.0-cp312-cp312-win_amd64.whl", hash = "sha256:1e896291c5efe0566db84eab13888bee7300392a6811ae85c55ced51bac0b147"},
    {file = "winrt_Windows.Foundation.Collections-2.2.0-cp312-cp312-win_arm64.whl", hash = "sha256:e44e13027597fcc638073459dcc159a21c57f9dbe0e9a2282326e32386c25bd0"},
    {file = "winrt_Windows.Foundation.Collections-2.2.0-cp313-cp313-win32.whl", hash = "sha256:ea7fa3a7ecb754eb09408e7127cd960d316cc1ba60a6440e191a81f14b42265c"},
    {file = "winrt_Windows.Foundation.Collections-2.2.0-cp313-cp313-win_amd64.whl", hash = "sha256:f338860e27a8a67b386273c73ad10c680a9f40a42e0185cc6443d208a7425ece"},
    {file = "winrt_Windows.Foundation.Collections-2.2.0-cp313-cp313-win_arm64.whl", hash = "sha256:dd705d4c62bd8c109f2bc667a0c76dc30ef9a1b2ced3e7bd95253a31e39781df"},
    {file = "winrt_Windows.Foundation.Collections-2.2.0-cp39-cp39-win32.whl", hash = "sha256:6798595621ad58473fe9e86f5f58d732628d88f06535b68c4d86cb5aed78f2b3"},
    {file = "winrt_Windows.Foundation.Collections-2.2.0-cp39-cp39-win_amd64.whl", hash = "sha256:c8ac098a60dad586e950a8236bab09ae57b6a08147d36db6b0aed135a9a81831"},
    {file = "winrt_Windows.Foundation.Collections-2.2.0-cp39-cp39-win_arm64.whl", hash = "sha256:c67105ebd88faf10d2941516c0ea9f73d9282fb8a7d2a73163a7a7e013bba839"},
    {file = "winrt_windows_foundation_collections-2.2.0.tar.gz", hash = "sha256:10db64da49185af3e14465cd65ec4055eb122a96daedb73b774889f3b7fcfa63"},
]

[package.dependencies]
winrt-runtime = "2.2.0"

[package.extras]
all = ["winrt-Windows.Foundation[all] (==2.2.0)"]

[[package]]
name = "winrt-windows-foundation-interop"
version = "2.2.0"
description = "Python projection of Windows Runtime (WinRT) APIs"
optional = false
python-versions = "<3.14,>=3.9"
files = [
    {file = "winrt_Windows.Foundation.Interop-2.2.0-cp310-cp310-win32.whl", hash = "sha256:0457fb9289c4d256275a5beb4bc4b17d241058f81e8e671b20b2877df225943c"},
    {file = "winrt_Windows.Foundation.Interop-2.2.0-cp310-cp310-win_amd64.whl", hash = "sha256:369cbd245ef3e0de3d9a87f658543d48fd052c0228e9c866143fee4a26eb74a4"},
    {file = "winrt_Windows.Foundation.Interop-2.2.0-cp310-cp310-win_arm64.whl", hash = "sha256:2a3362e1321305e8d2b7b8709f9378cb3eb8525ad6cce06800be75dbb1e5f1cd"},
    {file = "winrt_Windows.Foundation.Interop-2.2.0-cp311-cp311-win32.whl", hash = "sha256:76795d5203cf18ff2e4972ada51851cfe95db866e68e0ce228a458b1dc83f4df"},
    {file = "winrt_Windows.Foundation.Interop-2.2.0-cp311-cp311-win_amd64.whl", hash = "sha256:c627fbf413f7c7dc120df5d180872025c85986f6ebe473e1326c2319d72c69fc"},
    {file = "winrt_Windows.Foundation.Interop-2.2.0-cp311-cp311-win_arm64.whl", hash = "sha256:e6144c801c29206118af9253e84a25074fa53525ee4b1b303b69cbd1d82d55ab"},
    {file = "winrt_Windows.Foundation.Interop-2.2.0-cp312-cp312-win32.whl", hash = "sha256:9daad3e1161c4e34b31c5926a4c4a613184a93426d3201f331bc74a365e8613a"},
    {file = "winrt_Windows.Foundation.Interop-2.2.0-cp312-cp312-win_amd64.whl", hash = "sha256:ed469776fc653edc73aa0a3ddc99ecbc7821ad0f8cfc334fe924154abe8afe80"},
    {file = "winrt_Windows.Foundation.Interop-2.2.0-cp312-cp312-win_arm64.whl", hash = "sha256:3158a111ad55b5bb66ce6a6c08aee04168f9c77c88b628ab681c4441c6ea21cd"},
    {file = "winrt_Windows.Foundation.Interop-2.2.0-cp313-cp313-win32.whl", hash = "sha256:d74ba46fa2b620b0f881fdbd99dcb95d1ae0cdb9bae4d2f90cc26bba41570c9d"},
    {file = "winrt_Windows.Foundation.Interop-2.2.0-cp313-cp313-win_amd64.whl", hash = "sha256:6461349e1305aedf57d14bf13e0df001e3e1d91b41383b689daf0d872c1538c1"},
    {file = "winrt_Windows.Foundation.Interop-2.2.0-cp313-cp313-win_arm64.whl", hash = "sha256:8a38792d84e590b9187a9feaba8e23c83d8bc06779bff66254cb24d6ad8b1fe6"},
    {file = "winrt_Windows.Foundation.Interop-2.2.0-cp39-cp39-win32.whl", hash = "sha256:60b10e79e1097d0833cb1dd9cb35ec8164ab7c2b04120493cdce0b21b9189190"},
    {file = "winrt_Windows.Foundation.Interop-2.2.0-cp39-cp39-win_amd64.whl", hash = "sha256:ae13115b8d9d32bfb70c6d66aa1fbe0083a11a5912ba25b9e8af28a8e3c87f45"},
    {file = "winrt_Windows.Foundation.Interop-2.2.0-cp39-cp39-win_arm64.whl", hash = "sha256:dcd42a910bdf17006bb27872837bab52b89ee687e17f300f51ac79052b0cdf7d"},
    {file = "winrt_windows_foundation_interop-2.2.0.tar.gz", hash = "sha256:71a8a91fa6bab9e480bf1aa37dfdcb413ab99d329a688678aeb9aba791536900"},
]

[[package]]
name = "winrt-windows-ui-notifications"
version = "2.2.0"
description = "Python projection of Windows Runtime (WinRT) APIs"
optional = false
python-versions = "<3.14,>=3.9"
files = [
    {file = "winrt_Windows.UI.Notifications-2.2.0-cp310-cp310-win32.whl", hash = "sha256:d3d11b11e67933a9e4b8223c53914877c75d8f7594bd20a0a7f27f881608308e"},
    {file = "winrt_Windows.UI.Notifications-2.2.0-cp310-cp310-win_amd64.whl", hash = "sha256:d59b97e7b4d01c4e33b8f49a8647e8527cbda3988c83cf425222f9905dccf938"},
    {file = "winrt_Windows.UI.Notifications-2.2.0-cp310-cp310-win_arm64.whl", hash = "sha256:19f4a1d9b508b0db5cd301fdf828e6b452ebc97e0fe8e497244d63ea4ce2c819"},
    {file = "winrt_Windows.UI.Notifications-2.2.0-cp311-cp311-win32.whl", hash = "sha256:b0391385c9f44434df91d92620c4dfbb15a596750c3735bda5e75277e096fbaf"},
    {file = "winrt_Windows.UI.Notifications-2.2.0-cp311-cp311-win_amd64.whl", hash = "sha256:d16567d90ba93f1a3d28a74dcfa54f021f6168bd39a9f86a022d7741ed60f048"},
    {file = "winrt_Windows.UI.Notifications-2.2.0-cp311-cp311-win_arm64.whl", hash = "sha256:0527ebc967764a4db309975d153f46472d4dc607ddac7264d73652258bc2964b"},
    {file = "winrt_Windows.UI.Notifications-2.2.0-cp312-cp312-win32.whl", hash = "sha256:9c138345fab0a68b7052305d879f642b74e63b33048ec9e7e862f3ae42f9ad1a"},
    {file = "winrt_Windows.UI.Notifications-2.2.0-cp312-cp312-win_amd64.whl", hash = "sha256:bd431c39b8d18f4b3d8ab8644728fdb766fb498b28e98403760b5ef413097303"},
    {file = "winrt_Windows.UI.Notifications-2.2.0-cp312-cp312-win_arm64.whl", hash = "sha256:58663f62fc0e249da5b4881b1bf8de3278375eeee2a98f47d07f52a5333af0b5"},
    {file = "winrt_Windows.UI.Notifications-2.2.0-cp313-cp313-win32.whl", hash = "sha256:a7830c09ee161e3e2c60e1f6f899f94363653da16f391e46e915509ecd1ccb90"},
    {file = "winrt_Windows.UI.Notifications-2.2.0-cp313-cp313-win_amd64.whl", hash = "sha256:4d3b360b481f069b90ba5089155ed872149d371b098ff6d6f3cf51a7a773bba5"},
    {file = "winrt_Windows.UI.Notifications-2.2.0-cp313-cp313-win_arm64.whl", hash = "sha256:725462c0c45e9672b840fda7e64991082f963a004ce8adb8e8c95637d609c822"},
    {file = "winrt_Windows.UI.Notifications-2.2.0-cp39-cp39-win32.whl", hash = "sha256:aa7ff27702887a6566abbcbb97c5e0d2c1c34fc3f3c95f5fb13ffb396cc666e3"},
    {file = "winrt_Windows.UI.Notifications-2.2.0-cp39-cp39-win_amd64.whl", hash = "sha256:00a58cf5b0be5451a74604cbdf96dff95f44130d424c1e15c5382d2a091a21e2"},
    {file = "winrt_Windows.UI.Notifications-2.2.0-cp39-cp39-win_arm64.whl", hash = "sha256:cd2a2aa26a6b6551405b3c8661afa8052b7c46465548218b3c18d9c8fecf99a4"},
    {file = "winrt_windows_ui_notifications-2.2.0.tar.gz", hash = "sha256:f2a43ba6e37d1b82f523578e8d9f31dc9681ab5e2e12d352e7cdfe94705964f8"},
]

[package.dependencies]
winrt-runtime = "2.2.0"

[package.extras]
all = ["winrt-Windows.ApplicationModel[all] (==2.2.0)", "winrt-Windows.Data.Xml.Dom[all] (==2.2.0)", "winrt-Windows.Foundation.Collections[all] (==2.2.0)", "winrt-Windows.Foundation[all] (==2.2.0)", "winrt-Windows.System[all] (==2.2.0)"]

[metadata]
lock-version = "2.0"
python-versions = ">=3.11,<3.14"
content-hash = "8a3fa0eea2c6de09df587311083393770e7ba2c1e90cfc2beee371e9715b80cb"
